
Microsoft Visual Studio Solution File, Format Version 12.00
# Visual Studio Version 16
VisualStudioVersion = 16.0.30804.86
MinimumVisualStudioVersion = 10.0.40219.1
Project("{FAE04EC0-301F-11D3-BF4B-00C04F79EFBC}") = "LeetCodeGrind", "LeetCodeGrind\LeetCodeGrind.csproj", "{A7FD95F2-E45E-4842-A3E8-763A7092888B}"
EndProject
Global
	GlobalSection(SolutionConfigurationPlatforms) = preSolution
		Debug|Any CPU = Debug|Any CPU
		Release|Any CPU = Release|Any CPU
	EndGlobalSection
	GlobalSection(ProjectConfigurationPlatforms) = postSolution
		{A7FD95F2-E45E-4842-A3E8-763A7092888B}.Debug|Any CPU.ActiveCfg = Debug|Any CPU
		{A7FD95F2-E45E-4842-A3E8-763A7092888B}.Debug|Any CPU.Build.0 = Debug|Any CPU
		{A7FD95F2-E45E-4842-A3E8-763A7092888B}.Release|Any CPU.ActiveCfg = Release|Any CPU
		{A7FD95F2-E45E-4842-A3E8-763A7092888B}.Release|Any CPU.Build.0 = Release|Any CPU
	EndGlobalSection
	GlobalSection(SolutionProperties) = preSolution
		HideSolutionNode = FALSE
	EndGlobalSection
	GlobalSection(ExtensibilityGlobals) = postSolution
		SolutionGuid = {11F38818-A95B-4FC1-9E11-6687FFC2118A}
	EndGlobalSection
EndGlobal
